PODS:
  - Flutter (1.0.0)
  - music (0.0.1):
    - Flutter

DEPENDENCIES:
  - Flutter (from `Flutter`)
  - music (from `.symlinks/plugins/music/ios`)

EXTERNAL SOURCES:
  Flutter:
    :path: Flutter
  music:
    :path: ".symlinks/plugins/music/ios"

SPEC CHECKSUMS:
  Flutter: 0e3d915762c693b495b44d77113d4970485de6ec
  music: 1609fce3eaf64cc785c75126e8749d0af60662f2

PODFILE CHECKSUM: 1b66dae606f75376c5f2135a8290850eeb09ae83

COCOAPODS: 1.6.1
